// !$*UTF8*$!
{
	archiveVersion = 1;
	classes = {
	};
	objectVersion = 60;
	objects = {

/* Begin PBXBuildFile section */
		CC0000000000000000000001 /* main.swift in Sources */ = {isa = PBXBuildFile; fileRef = BB0000000000000000000001 /* main.swift */; };
		CC0000000000000000000002 /* GoldenFlowTests.swift in Sources */ = {isa = PBXBuildFile; fileRef = BB0000000000000000000002 /* GoldenFlowTests.swift */; };
		CC0000000000000000000003 /* fake-agent.sh in Resources */ = {isa = PBXBuildFile; fileRef = BB0000000000000000000003 /* fake-agent.sh */; };
		CC0000000000000000000004 /* VigilApp in Frameworks */ = {isa = PBXBuildFile; productRef = DD0000000000000000000001 /* VigilApp */; };
/* End PBXBuildFile section */

/* Begin PBXContainerItemProxy section */
		AB0000000000000000000001 /* PBXContainerItemProxy */ = {
			isa = PBXContainerItemProxy;
			containerPortal = AA0000000000000000000001 /* Project object */;
			proxyType = 1;
			remoteGlobalIDString = EE0000000000000000000001;
			remoteInfo = VigilShell;
		};
/* End PBXContainerItemProxy section */

/* Begin PBXFileReference section */
		BB0000000000000000000001 /* main.swift */ = {isa = PBXFileReference; lastKnownFileType = sourcecode.swift; path = main.swift; sourceTree = "<group>"; };
		BB0000000000000000000002 /* GoldenFlowTests.swift */ = {isa = PBXFileReference; lastKnownFileType = sourcecode.swift; path = GoldenFlowTests.swift; sourceTree = "<group>"; };
		BB0000000000000000000003 /* fake-agent.sh */ = {isa = PBXFileReference; lastKnownFileType = text.script.sh; path = "fake-agent.sh"; sourceTree = "<group>"; };
		BB0000000000000000000004 /* VigilShell.app */ = {isa = PBXFileReference; explicitFileType = wrapper.application; includeInIndex = 0; path = VigilShell.app; sourceTree = BUILT_PRODUCTS_DIR; };
		BB0000000000000000000005 /* VigilShellUITests.xctest */ = {isa = PBXFileReference; explicitFileType = wrapper.cfbundle; includeInIndex = 0; path = VigilShellUITests.xctest; sourceTree = BUILT_PRODUCTS_DIR; };
/* End PBXFileReference section */

/* Begin PBXFrameworksBuildPhase section */
		FF0000000000000000000002 /* Frameworks */ = {
			isa = PBXFrameworksBuildPhase;
			buildActionMask = 2147483647;
			files = (
				CC0000000000000000000004 /* VigilApp in Frameworks */,
			);
			runOnlyForDeploymentPostprocessing = 0;
		};
		FF0000000000000000000005 /* Frameworks */ = {
			isa = PBXFrameworksBuildPhase;
			buildActionMask = 2147483647;
			files = (
			);
			runOnlyForDeploymentPostprocessing = 0;
		};
/* End PBXFrameworksBuildPhase section */

/* Begin PBXGroup section */
		AA0000000000000000000002 = {
			isa = PBXGroup;
			children = (
				AA0000000000000000000004 /* VigilShell */,
				AA0000000000000000000005 /* VigilShellUITests */,
				AA0000000000000000000006 /* Support */,
				AA0000000000000000000003 /* Products */,
			);
			sourceTree = "<group>";
		};
		AA0000000000000000000003 /* Products */ = {
			isa = PBXGroup;
			children = (
				BB0000000000000000000004 /* VigilShell.app */,
				BB0000000000000000000005 /* VigilShellUITests.xctest */,
			);
			name = Products;
			sourceTree = "<group>";
		};
		AA0000000000000000000004 /* VigilShell */ = {
			isa = PBXGroup;
			children = (
				BB0000000000000000000001 /* main.swift */,
			);
			path = VigilShell;
			sourceTree = "<group>";
		};
		AA0000000000000000000005 /* VigilShellUITests */ = {
			isa = PBXGroup;
			children = (
				BB0000000000000000000002 /* GoldenFlowTests.swift */,
			);
			path = VigilShellUITests;
			sourceTree = "<group>";
		};
		AA0000000000000000000006 /* Support */ = {
			isa = PBXGroup;
			children = (
				BB0000000000000000000003 /* fake-agent.sh */,
			);
			path = Support;
			sourceTree = "<group>";
		};
/* End PBXGroup section */

/* Begin PBXNativeTarget section */
		EE0000000000000000000001 /* VigilShell */ = {
			isa = PBXNativeTarget;
			buildConfigurationList = AC0000000000000000000002 /* Build configuration list for PBXNativeTarget "VigilShell" */;
			buildPhases = (
				FF0000000000000000000001 /* Sources */,
				FF0000000000000000000002 /* Frameworks */,
				FF0000000000000000000003 /* Resources */,
			);
			buildRules = (
			);
			dependencies = (
			);
			name = VigilShell;
			packageProductDependencies = (
				DD0000000000000000000001 /* VigilApp */,
			);
			productName = VigilShell;
			productReference = BB0000000000000000000004 /* VigilShell.app */;
			productType = "com.apple.product-type.application";
		};
		EE0000000000000000000002 /* VigilShellUITests */ = {
			isa = PBXNativeTarget;
			buildConfigurationList = AC0000000000000000000003 /* Build configuration list for PBXNativeTarget "VigilShellUITests" */;
			buildPhases = (
				FF0000000000000000000004 /* Sources */,
				FF0000000000000000000005 /* Frameworks */,
				FF0000000000000000000006 /* Resources */,
			);
			buildRules = (
			);
			dependencies = (
				AB0000000000000000000002 /* PBXTargetDependency */,
			);
			name = VigilShellUITests;
			productName = VigilShellUITests;
			productReference = BB0000000000000000000005 /* VigilShellUITests.xctest */;
			productType = "com.apple.product-type.bundle.ui-testing";
		};
/* End PBXNativeTarget section */

/* Begin PBXProject section */
		AA0000000000000000000001 /* Project object */ = {
			isa = PBXProject;
			attributes = {
				BuildIndependentTargetsInParallel = 1;
				LastUpgradeCheck = 1500;
				TargetAttributes = {
					EE0000000000000000000001 = {
						CreatedOnToolsVersion = 15.0;
					};
					EE0000000000000000000002 = {
						CreatedOnToolsVersion = 15.0;
						TestTargetID = EE0000000000000000000001;
					};
				};
			};
			buildConfigurationList = AC0000000000000000000001 /* Build configuration list for PBXProject "VigilShell" */;
			compatibilityVersion = "Xcode 15.0";
			developmentRegion = en;
			hasScannedForEncodings = 0;
			knownRegions = (
				en,
				Base,
			);
			mainGroup = AA0000000000000000000002;
			packageReferences = (
				DD0000000000000000000002 /* XCLocalSwiftPackageReference "../app" */,
			);
			productRefGroup = AA0000000000000000000003 /* Products */;
			projectDirPath = "";
			projectRoot = "";
			targets = (
				EE0000000000000000000001 /* VigilShell */,
				EE0000000000000000000002 /* VigilShellUITests */,
			);
		};
/* End PBXProject section */

/* Begin PBXResourcesBuildPhase section */
		FF0000000000000000000003 /* Resources */ = {
			isa = PBXResourcesBuildPhase;
			buildActionMask = 2147483647;
			files = (
			);
			runOnlyForDeploymentPostprocessing = 0;
		};
		FF0000000000000000000006 /* Resources */ = {
			isa = PBXResourcesBuildPhase;
			buildActionMask = 2147483647;
			files = (
				CC0000000000000000000003 /* fake-agent.sh in Resources */,
			);
			runOnlyForDeploymentPostprocessing = 0;
		};
/* End PBXResourcesBuildPhase section */

/* Begin PBXSourcesBuildPhase section */
		FF0000000000000000000001 /* Sources */ = {
			isa = PBXSourcesBuildPhase;
			buildActionMask = 2147483647;
			files = (
				CC0000000000000000000001 /* main.swift in Sources */,
			);
			runOnlyForDeploymentPostprocessing = 0;
		};
		FF0000000000000000000004 /* Sources */ = {
			isa = PBXSourcesBuildPhase;
			buildActionMask = 2147483647;
			files = (
				CC0000000000000000000002 /* GoldenFlowTests.swift in Sources */,
			);
			runOnlyForDeploymentPostprocessing = 0;
		};
/* End PBXSourcesBuildPhase section */

/* Begin PBXTargetDependency section */
		AB0000000000000000000002 /* PBXTargetDependency */ = {
			isa = PBXTargetDependency;
			target = EE0000000000000000000001 /* VigilShell */;
			targetProxy = AB0000000000000000000001 /* PBXContainerItemProxy */;
		};
/* End PBXTargetDependency section */

/* Begin XCBuildConfiguration section */
		AD0000000000000000000001 /* Debug */ = {
			isa = XCBuildConfiguration;
			buildSettings = {
				ALWAYS_SEARCH_USER_PATHS = NO;
				CLANG_ENABLE_MODULES = YES;
				CLANG_ENABLE_OBJC_ARC = YES;
				COPY_PHASE_STRIP = NO;
				DEBUG_INFORMATION_FORMAT = dwarf;
				ENABLE_STRICT_OBJC_MSGSEND = YES;
				ENABLE_TESTABILITY = YES;
				ENABLE_USER_SCRIPT_SANDBOXING = YES;
				GCC_C_LANGUAGE_STANDARD = gnu17;
				GCC_DYNAMIC_NO_PIC = NO;
				GCC_NO_COMMON_BLOCKS = YES;
				GCC_OPTIMIZATION_LEVEL = 0;
				GCC_PREPROCESSOR_DEFINITIONS = (
					"DEBUG=1",
					"$(inherited)",
				);
				MACOSX_DEPLOYMENT_TARGET = 14.0;
				MTL_ENABLE_DEBUG_INFO = INCLUDE_SOURCE;
				MTL_FAST_MATH = YES;
				ONLY_ACTIVE_ARCH = YES;
				SDKROOT = macosx;
				SWIFT_ACTIVE_COMPILATION_CONDITIONS = "DEBUG $(inherited)";
				SWIFT_OPTIMIZATION_LEVEL = "-Onone";
				SWIFT_VERSION = 5.0;
			};
			name = Debug;
		};
		AD0000000000000000000002 /* Release */ = {
			isa = XCBuildConfiguration;
			buildSettings = {
				ALWAYS_SEARCH_USER_PATHS = NO;
				CLANG_ENABLE_MODULES = YES;
				CLANG_ENABLE_OBJC_ARC = YES;
				COPY_PHASE_STRIP = NO;
				DEBUG_INFORMATION_FORMAT = "dwarf-with-dsym";
				ENABLE_NS_ASSERTIONS = NO;
				ENABLE_STRICT_OBJC_MSGSEND = YES;
				ENABLE_USER_SCRIPT_SANDBOXING = YES;
				GCC_C_LANGUAGE_STANDARD = gnu17;
				GCC_NO_COMMON_BLOCKS = YES;
				MACOSX_DEPLOYMENT_TARGET = 14.0;
				MTL_ENABLE_DEBUG_INFO = NO;
				MTL_FAST_MATH = YES;
				SDKROOT = macosx;
				SWIFT_COMPILATION_MODE = wholemodule;
				SWIFT_OPTIMIZATION_LEVEL = "-O";
				SWIFT_VERSION = 5.0;
			};
			name = Release;
		};
		AD0000000000000000000003 /* Debug */ = {
			isa = XCBuildConfiguration;
			buildSettings = {
				CODE_SIGN_IDENTITY = "-";
				CODE_SIGN_STYLE = Automatic;
				COMBINE_HIDPI_IMAGES = YES;
				CURRENT_PROJECT_VERSION = 1;
				ENABLE_HARDENED_RUNTIME = NO;
				GENERATE_INFOPLIST_FILE = YES;
				INFOPLIST_KEY_NSHumanReadableCopyright = "";
				INFOPLIST_KEY_NSPrincipalClass = NSApplication;
				LD_RUNPATH_SEARCH_PATHS = (
					"$(inherited)",
					"@executable_path/../Frameworks",
				);
				MARKETING_VERSION = 1.0;
				PRODUCT_BUNDLE_IDENTIFIER = dev.vigil.VigilShell;
				PRODUCT_NAME = "$(TARGET_NAME)";
			};
			name = Debug;
		};
		AD0000000000000000000004 /* Release */ = {
			isa = XCBuildConfiguration;
			buildSettings = {
				CODE_SIGN_IDENTITY = "-";
				CODE_SIGN_STYLE = Automatic;
				COMBINE_HIDPI_IMAGES = YES;
				CURRENT_PROJECT_VERSION = 1;
				ENABLE_HARDENED_RUNTIME = NO;
				GENERATE_INFOPLIST_FILE = YES;
				INFOPLIST_KEY_NSHumanReadableCopyright = "";
				INFOPLIST_KEY_NSPrincipalClass = NSApplication;
				LD_RUNPATH_SEARCH_PATHS = (
					"$(inherited)",
					"@executable_path/../Frameworks",
				);
				MARKETING_VERSION = 1.0;
				PRODUCT_BUNDLE_IDENTIFIER = dev.vigil.VigilShell;
				PRODUCT_NAME = "$(TARGET_NAME)";
			};
			name = Release;
		};
		AD0000000000000000000005 /* Debug */ = {
			isa = XCBuildConfiguration;
			buildSettings = {
				CODE_SIGN_IDENTITY = "-";
				CODE_SIGN_STYLE = Automatic;
				CURRENT_PROJECT_VERSION = 1;
				GENERATE_INFOPLIST_FILE = YES;
				MARKETING_VERSION = 1.0;
				PRODUCT_BUNDLE_IDENTIFIER = dev.vigil.VigilShellUITests;
				PRODUCT_NAME = "$(TARGET_NAME)";
				TEST_TARGET_NAME = VigilShell;
			};
			name = Debug;
		};
		AD0000000000000000000006 /* Release */ = {
			isa = XCBuildConfiguration;
			buildSettings = {
				CODE_SIGN_IDENTITY = "-";
				CODE_SIGN_STYLE = Automatic;
				CURRENT_PROJECT_VERSION = 1;
				GENERATE_INFOPLIST_FILE = YES;
				MARKETING_VERSION = 1.0;
				PRODUCT_BUNDLE_IDENTIFIER = dev.vigil.VigilShellUITests;
				PRODUCT_NAME = "$(TARGET_NAME)";
				TEST_TARGET_NAME = VigilShell;
			};
			name = Release;
		};
/* End XCBuildConfiguration section */

/* Begin XCConfigurationList section */
		AC0000000000000000000001 /* Build configuration list for PBXProject "VigilShell" */ = {
			isa = XCConfigurationList;
			buildConfigurations = (
				AD0000000000000000000001 /* Debug */,
				AD0000000000000000000002 /* Release */,
			);
			defaultConfigurationIsVisible = 0;
			defaultConfigurationName = Release;
		};
		AC0000000000000000000002 /* Build configuration list for PBXNativeTarget "VigilShell" */ = {
			isa = XCConfigurationList;
			buildConfigurations = (
				AD0000000000000000000003 /* Debug */,
				AD0000000000000000000004 /* Release */,
			);
			defaultConfigurationIsVisible = 0;
			defaultConfigurationName = Release;
		};
		AC0000000000000000000003 /* Build configuration list for PBXNativeTarget "VigilShellUITests" */ = {
			isa = XCConfigurationList;
			buildConfigurations = (
				AD0000000000000000000005 /* Debug */,
				AD0000000000000000000006 /* Release */,
			);
			defaultConfigurationIsVisible = 0;
			defaultConfigurationName = Release;
		};
/* End XCConfigurationList section */

/* Begin XCLocalSwiftPackageReference section */
		DD0000000000000000000002 /* XCLocalSwiftPackageReference "../app" */ = {
			isa = XCLocalSwiftPackageReference;
			relativePath = ../app;
		};
/* End XCLocalSwiftPackageReference section */

/* Begin XCSwiftPackageProductDependency section */
		DD0000000000000000000001 /* VigilApp */ = {
			isa = XCSwiftPackageProductDependency;
			productName = VigilApp;
		};
/* End XCSwiftPackageProductDependency section */
	};
	rootObject = AA0000000000000000000001 /* Project object */;
}
